// !$*UTF8*$!
{
	archiveVersion = 1;
	classes = {
	};
	objectVersion = 56;
	objects = {

/* Begin PBXBuildFile section */
		CE6DF6AA2A9C12CB0054A129 /* AirplaneView.swift in Sources */ = {isa = PBXBuildFile; fileRef = CE6DF6A92A9C12CB0054A129 /* AirplaneView.swift */; };
		CEB94B6D2A9D34350095DBCB /* AirportView.swift in Sources */ = {isa = PBXBuildFile; fileRef = CEB94B6C2A9D34350095DBCB /* AirportView.swift */; };
		CEEF06FB2A9BDCA9007749BC /* SwiftDataBetaBugApp.swift in Sources */ = {isa = PBXBuildFile; fileRef = CEEF06FA2A9BDCA9007749BC /* SwiftDataBetaBugApp.swift */; };
		CEEF06FD2A9BDCA9007749BC /* AirportList.swift in Sources */ = {isa = PBXBuildFile; fileRef = CEEF06FC2A9BDCA9007749BC /* AirportList.swift */; };
		CEEF06FF2A9BDCA9007749BC /* Airport.swift in Sources */ = {isa = PBXBuildFile; fileRef = CEEF06FE2A9BDCA9007749BC /* Airport.swift */; };
		CEEF07012A9BDCAC007749BC /* Assets.xcassets in Resources */ = {isa = PBXBuildFile; fileRef = CEEF07002A9BDCAC007749BC /* Assets.xcassets */; };
		CEEF07042A9BDCAC007749BC /* Preview Assets.xcassets in Resources */ = {isa = PBXBuildFile; fileRef = CEEF07032A9BDCAC007749BC /* Preview Assets.xcassets */; };
		CEEF070B2A9BDD34007749BC /* Airplane.swift in Sources */ = {isa = PBXBuildFile; fileRef = CEEF070A2A9BDD34007749BC /* Airplane.swift */; };
/* End PBXBuildFile section */

/* Begin PBXFileReference section */
		CE6DF6A92A9C12CB0054A129 /* AirplaneView.swift */ = {isa = PBXFileReference; lastKnownFileType = sourcecode.swift; path = AirplaneView.swift; sourceTree = "<group>"; };
		CEB94B6C2A9D34350095DBCB /* AirportView.swift */ = {isa = PBXFileReference; lastKnownFileType = sourcecode.swift; path = AirportView.swift; sourceTree = "<group>"; };
		CEB94B6E2A9D3C650095DBCB /* README.md */ = {isa = PBXFileReference; lastKnownFileType = net.daringfireball.markdown; path = README.md; sourceTree = "<group>"; };
		CEEF06F72A9BDCA9007749BC /* SwiftDataBetaBug.app */ = {isa = PBXFileReference; explicitFileType = wrapper.application; includeInIndex = 0; path = SwiftDataBetaBug.app; sourceTree = BUILT_PRODUCTS_DIR; };
		CEEF06FA2A9BDCA9007749BC /* SwiftDataBetaBugApp.swift */ = {isa = PBXFileReference; lastKnownFileType = sourcecode.swift; path = SwiftDataBetaBugApp.swift; sourceTree = "<group>"; };
		CEEF06FC2A9BDCA9007749BC /* AirportList.swift */ = {isa = PBXFileReference; lastKnownFileType = sourcecode.swift; path = AirportList.swift; sourceTree = "<group>"; };
		CEEF06FE2A9BDCA9007749BC /* Airport.swift */ = {isa = PBXFileReference; lastKnownFileType = sourcecode.swift; path = Airport.swift; sourceTree = "<group>"; };
		CEEF07002A9BDCAC007749BC /* Assets.xcassets */ = {isa = PBXFileReference; lastKnownFileType = folder.assetcatalog; path = Assets.xcassets; sourceTree = "<group>"; };
		CEEF07032A9BDCAC007749BC /* Preview Assets.xcassets */ = {isa = PBXFileReference; lastKnownFileType = folder.assetcatalog; path = "Preview Assets.xcassets"; sourceTree = "<group>"; };
		CEEF070A2A9BDD34007749BC /* Airplane.swift */ = {isa = PBXFileReference; lastKnownFileType = sourcecode.swift; path = Airplane.swift; sourceTree = "<group>"; };
/* End PBXFileReference section */

/* Begin PBXFrameworksBuildPhase section */
		CEEF06F42A9BDCA9007749BC /* Frameworks */ = {
			isa = PBXFrameworksBuildPhase;
			buildActionMask = 2147483647;
			files = (
			);
			runOnlyForDeploymentPostprocessing = 0;
		};
/* End PBXFrameworksBuildPhase section */

/* Begin PBXGroup section */
		CEC2EE382A9C155600AF2D6A /* Model */ = {
			isa = PBXGroup;
			children = (
				CEEF06FE2A9BDCA9007749BC /* Airport.swift */,
				CEEF070A2A9BDD34007749BC /* Airplane.swift */,
			);
			path = Model;
			sourceTree = "<group>";
		};
		CEEF06EE2A9BDCA9007749BC = {
			isa = PBXGroup;
			children = (
				CEB94B6E2A9D3C650095DBCB /* README.md */,
				CEEF06F92A9BDCA9007749BC /* SwiftDataBetaBug */,
				CEEF06F82A9BDCA9007749BC /* Products */,
			);
			sourceTree = "<group>";
		};
		CEEF06F82A9BDCA9007749BC /* Products */ = {
			isa = PBXGroup;
			children = (
				CEEF06F72A9BDCA9007749BC /* SwiftDataBetaBug.app */,
			);
			name = Products;
			sourceTree = "<group>";
		};
		CEEF06F92A9BDCA9007749BC /* SwiftDataBetaBug */ = {
			isa = PBXGroup;
			children = (
				CEEF06FA2A9BDCA9007749BC /* SwiftDataBetaBugApp.swift */,
				CEEF06FC2A9BDCA9007749BC /* AirportList.swift */,
				CEB94B6C2A9D34350095DBCB /* AirportView.swift */,
				CE6DF6A92A9C12CB0054A129 /* AirplaneView.swift */,
				CEC2EE382A9C155600AF2D6A /* Model */,
				CEEF07002A9BDCAC007749BC /* Assets.xcassets */,
				CEEF07022A9BDCAC007749BC /* Preview Content */,
			);
			path = SwiftDataBetaBug;
			sourceTree = "<group>";
		};
		CEEF07022A9BDCAC007749BC /* Preview Content */ = {
			isa = PBXGroup;
			children = (
				CEEF07032A9BDCAC007749BC /* Preview Assets.xcassets */,
			);
			path = "Preview Content";
			sourceTree = "<group>";
		};
/* End PBXGroup section */

/* Begin PBXNativeTarget section */
		CEEF06F62A9BDCA9007749BC /* SwiftDataBetaBug */ = {
			isa = PBXNativeTarget;
			buildConfigurationList = CEEF07072A9BDCAC007749BC /* Build configuration list for PBXNativeTarget "SwiftDataBetaBug" */;
			buildPhases = (
				CEEF06F32A9BDCA9007749BC /* Sources */,
				CEEF06F42A9BDCA9007749BC /* Frameworks */,
				CEEF06F52A9BDCA9007749BC /* Resources */,
			);
			buildRules = (
			);
			dependencies = (
			);
			name = SwiftDataBetaBug;
			productName = SwiftDataBetaBug;
			productReference = CEEF06F72A9BDCA9007749BC /* SwiftDataBetaBug.app */;
			productType = "com.apple.product-type.application";
		};
/* End PBXNativeTarget section */

/* Begin PBXProject section */
		CEEF06EF2A9BDCA9007749BC /* Project object */ = {
			isa = PBXProject;
			attributes = {
				BuildIndependentTargetsInParallel = 1;
				LastSwiftUpdateCheck = 1500;
				LastUpgradeCheck = 1500;
				TargetAttributes = {
					CEEF06F62A9BDCA9007749BC = {
						CreatedOnToolsVersion = 15.0;
					};
				};
			};
			buildConfigurationList = CEEF06F22A9BDCA9007749BC /* Build configuration list for PBXProject "SwiftDataBetaBug" */;
			compatibilityVersion = "Xcode 14.0";
			developmentRegion = en;
			hasScannedForEncodings = 0;
			knownRegions = (
				en,
				Base,
			);
			mainGroup = CEEF06EE2A9BDCA9007749BC;
			productRefGroup = CEEF06F82A9BDCA9007749BC /* Products */;
			projectDirPath = "";
			projectRoot = "";
			targets = (
				CEEF06F62A9BDCA9007749BC /* SwiftDataBetaBug */,
			);
		};
/* End PBXProject section */

/* Begin PBXResourcesBuildPhase section */
		CEEF06F52A9BDCA9007749BC /* Resources */ = {
			isa = PBXResourcesBuildPhase;
			buildActionMask = 2147483647;
			files = (
				CEEF07042A9BDCAC007749BC /* Preview Assets.xcassets in Resources */,
				CEEF07012A9BDCAC007749BC /* Assets.xcassets in Resources */,
			);
			runOnlyForDeploymentPostprocessing = 0;
		};
/* End PBXResourcesBuildPhase section */

/* Begin PBXSourcesBuildPhase section */
		CEEF06F32A9BDCA9007749BC /* Sources */ = {
			isa = PBXSourcesBuildPhase;
			buildActionMask = 2147483647;
			files = (
				CE6DF6AA2A9C12CB0054A129 /* AirplaneView.swift in Sources */,
				CEEF070B2A9BDD34007749BC /* Airplane.swift in Sources */,
				CEB94B6D2A9D34350095DBCB /* AirportView.swift in Sources */,
				CEEF06FD2A9BDCA9007749BC /* AirportList.swift in Sources */,
				CEEF06FF2A9BDCA9007749BC /* Airport.swift in Sources */,
				CEEF06FB2A9BDCA9007749BC /* SwiftDataBetaBugApp.swift in Sources */,
			);
			runOnlyForDeploymentPostprocessing = 0;
		};
/* End PBXSourcesBuildPhase section */

/* Begin XCBuildConfiguration section */
		CEEF07052A9BDCAC007749BC /* Debug */ = {
			isa = XCBuildConfiguration;
			buildSettings = {
				ALWAYS_SEARCH_USER_PATHS = NO;
				ASSETCATALOG_COMPILER_GENERATE_SWIFT_ASSET_SYMBOL_EXTENSIONS = YES;
				CLANG_ANALYZER_NONNULL = YES;
				CLANG_ANALYZER_NUMBER_OBJECT_CONVERSION = YES_AGGRESSIVE;
				CLANG_CXX_LANGUAGE_STANDARD = "gnu++20";
				CLANG_ENABLE_MODULES = YES;
				CLANG_ENABLE_OBJC_ARC = YES;
				CLANG_ENABLE_OBJC_WEAK = YES;
				CLANG_WARN_BLOCK_CAPTURE_AUTORELEASING = YES;
				CLANG_WARN_BOOL_CONVERSION = YES;
				CLANG_WARN_COMMA = YES;
				CLANG_WARN_CONSTANT_CONVERSION = YES;
				CLANG_WARN_DEPRECATED_OBJC_IMPLEMENTATIONS = YES;
				CLANG_WARN_DIRECT_OBJC_ISA_USAGE = YES_ERROR;
				CLANG_WARN_DOCUMENTATION_COMMENTS = YES;
				CLANG_WARN_EMPTY_BODY = YES;
				CLANG_WARN_ENUM_CONVERSION = YES;
				CLANG_WARN_INFINITE_RECURSION = YES;
				CLANG_WARN_INT_CONVERSION = YES;
				CLANG_WARN_NON_LITERAL_NULL_CONVERSION = YES;
				CLANG_WARN_OBJC_IMPLICIT_RETAIN_SELF = YES;
				CLANG_WARN_OBJC_LITERAL_CONVERSION = YES;
				CLANG_WARN_OBJC_ROOT_CLASS = YES_ERROR;
				CLANG_WARN_QUOTED_INCLUDE_IN_FRAMEWORK_HEADER = YES;
				CLANG_WARN_RANGE_LOOP_ANALYSIS = YES;
				CLANG_WARN_STRICT_PROTOTYPES = YES;
				CLANG_WARN_SUSPICIOUS_MOVE = YES;
				CLANG_WARN_UNGUARDED_AVAILABILITY = YES_AGGRESSIVE;
				CLANG_WARN_UNREACHABLE_CODE = YES;
				CLANG_WARN__DUPLICATE_METHOD_MATCH = YES;
				COPY_PHASE_STRIP = NO;
				DEBUG_INFORMATION_FORMAT = dwarf;
				ENABLE_STRICT_OBJC_MSGSEND = YES;
				ENABLE_TESTABILITY = YES;
				ENABLE_USER_SCRIPT_SANDBOXING = YES;
				GCC_C_LANGUAGE_STANDARD = gnu17;
				GCC_DYNAMIC_NO_PIC = NO;
				GCC_NO_COMMON_BLOCKS = YES;
				GCC_OPTIMIZATION_LEVEL = 0;
				GCC_PREPROCESSOR_DEFINITIONS = (
					"DEBUG=1",
					"$(inherited)",
				);
				GCC_WARN_64_TO_32_BIT_CONVERSION = YES;
				GCC_WARN_ABOUT_RETURN_TYPE = YES_ERROR;
				GCC_WARN_UNDECLARED_SELECTOR = YES;
				GCC_WARN_UNINITIALIZED_AUTOS = YES_AGGRESSIVE;
				GCC_WARN_UNUSED_FUNCTION = YES;
				GCC_WARN_UNUSED_VARIABLE = YES;
				IPHONEOS_DEPLOYMENT_TARGET = 17.0;
				LOCALIZATION_PREFERS_STRING_CATALOGS = YES;
				MTL_ENABLE_DEBUG_INFO = INCLUDE_SOURCE;
				MTL_FAST_MATH = YES;
				ONLY_ACTIVE_ARCH = YES;
				SDKROOT = iphoneos;
				SWIFT_ACTIVE_COMPILATION_CONDITIONS = "DEBUG $(inherited)";
				SWIFT_OPTIMIZATION_LEVEL = "-Onone";
			};
			name = Debug;
		};
		CEEF07062A9BDCAC007749BC /* Release */ = {
			isa = XCBuildConfiguration;
			buildSettings = {
				ALWAYS_SEARCH_USER_PATHS = NO;
				ASSETCATALOG_COMPILER_GENERATE_SWIFT_ASSET_SYMBOL_EXTENSIONS = YES;
				CLANG_ANALYZER_NONNULL = YES;
				CLANG_ANALYZER_NUMBER_OBJECT_CONVERSION = YES_AGGRESSIVE;
				CLANG_CXX_LANGUAGE_STANDARD = "gnu++20";
				CLANG_ENABLE_MODULES = YES;
				CLANG_ENABLE_OBJC_ARC = YES;
				CLANG_ENABLE_OBJC_WEAK = YES;
				CLANG_WARN_BLOCK_CAPTURE_AUTORELEASING = YES;
				CLANG_WARN_BOOL_CONVERSION = YES;
				CLANG_WARN_COMMA = YES;
				CLANG_WARN_CONSTANT_CONVERSION = YES;
				CLANG_WARN_DEPRECATED_OBJC_IMPLEMENTATIONS = YES;
				CLANG_WARN_DIRECT_OBJC_ISA_USAGE = YES_ERROR;
				CLANG_WARN_DOCUMENTATION_COMMENTS = YES;
				CLANG_WARN_EMPTY_BODY = YES;
				CLANG_WARN_ENUM_CONVERSION = YES;
				CLANG_WARN_INFINITE_RECURSION = YES;
				CLANG_WARN_INT_CONVERSION = YES;
				CLANG_WARN_NON_LITERAL_NULL_CONVERSION = YES;
				CLANG_WARN_OBJC_IMPLICIT_RETAIN_SELF = YES;
				CLANG_WARN_OBJC_LITERAL_CONVERSION = YES;
				CLANG_WARN_OBJC_ROOT_CLASS = YES_ERROR;
				CLANG_WARN_QUOTED_INCLUDE_IN_FRAMEWORK_HEADER = YES;
				CLANG_WARN_RANGE_LOOP_ANALYSIS = YES;
				CLANG_WARN_STRICT_PROTOTYPES = YES;
				CLANG_WARN_SUSPICIOUS_MOVE = YES;
				CLANG_WARN_UNGUARDED_AVAILABILITY = YES_AGGRESSIVE;
				CLANG_WARN_UNREACHABLE_CODE = YES;
				CLANG_WARN__DUPLICATE_METHOD_MATCH = YES;
				COPY_PHASE_STRIP = NO;
				DEBUG_INFORMATION_FORMAT = "dwarf-with-dsym";
				ENABLE_NS_ASSERTIONS = NO;
				ENABLE_STRICT_OBJC_MSGSEND = YES;
				ENABLE_USER_SCRIPT_SANDBOXING = YES;
				GCC_C_LANGUAGE_STANDARD = gnu17;
				GCC_NO_COMMON_BLOCKS = YES;
				GCC_WARN_64_TO_32_BIT_CONVERSION = YES;
				GCC_WARN_ABOUT_RETURN_TYPE = YES_ERROR;
				GCC_WARN_UNDECLARED_SELECTOR = YES;
				GCC_WARN_UNINITIALIZED_AUTOS = YES_AGGRESSIVE;
				GCC_WARN_UNUSED_FUNCTION = YES;
				GCC_WARN_UNUSED_VARIABLE = YES;
				IPHONEOS_DEPLOYMENT_TARGET = 17.0;
				LOCALIZATION_PREFERS_STRING_CATALOGS = YES;
				MTL_ENABLE_DEBUG_INFO = NO;
				MTL_FAST_MATH = YES;
				SDKROOT = iphoneos;
				SWIFT_COMPILATION_MODE = wholemodule;
				VALIDATE_PRODUCT = YES;
			};
			name = Release;
		};
		CEEF07082A9BDCAC007749BC /* Debug */ = {
			isa = XCBuildConfiguration;
			buildSettings = {
				ASSETCATALOG_COMPILER_APPICON_NAME = AppIcon;
				ASSETCATALOG_COMPILER_GLOBAL_ACCENT_COLOR_NAME = AccentColor;
				CODE_SIGN_STYLE = Automatic;
				CURRENT_PROJECT_VERSION = 1;
				DEVELOPMENT_ASSET_PATHS = "\"SwiftDataBetaBug/Preview Content\"";
				DEVELOPMENT_TEAM = 6QZ9XG2QTM;
				ENABLE_PREVIEWS = YES;
				GENERATE_INFOPLIST_FILE = YES;
				INFOPLIST_KEY_UIApplicationSceneManifest_Generation = YES;
				INFOPLIST_KEY_UIApplicationSupportsIndirectInputEvents = YES;
				INFOPLIST_KEY_UILaunchScreen_Generation = YES;
				INFOPLIST_KEY_UISupportedInterfaceOrientations_iPad = "UIInterfaceOrientationPortrait UIInterfaceOrientationPortraitUpsideDown UIInterfaceOrientationLandscapeLeft UIInterfaceOrientationLandscapeRight";
				INFOPLIST_KEY_UISupportedInterfaceOrientations_iPhone = "UIInterfaceOrientationPortrait UIInterfaceOrientationLandscapeLeft UIInterfaceOrientationLandscapeRight";
				LD_RUNPATH_SEARCH_PATHS = (
					"$(inherited)",
					"@executable_path/Frameworks",
				);
				MARKETING_VERSION = 1.0;
				PRODUCT_BUNDLE_IDENTIFIER = com.curiousfind.SwiftDataBetaBug;
				PRODUCT_NAME = "$(TARGET_NAME)";
				SWIFT_EMIT_LOC_STRINGS = YES;
				SWIFT_VERSION = 5.0;
				TARGETED_DEVICE_FAMILY = "1,2";
			};
			name = Debug;
		};
		CEEF07092A9BDCAC007749BC /* Release */ = {
			isa = XCBuildConfiguration;
			buildSettings = {
				ASSETCATALOG_COMPILER_APPICON_NAME = AppIcon;
				ASSETCATALOG_COMPILER_GLOBAL_ACCENT_COLOR_NAME = AccentColor;
				CODE_SIGN_STYLE = Automatic;
				CURRENT_PROJECT_VERSION = 1;
				DEVELOPMENT_ASSET_PATHS = "\"SwiftDataBetaBug/Preview Content\"";
				DEVELOPMENT_TEAM = 6QZ9XG2QTM;
				ENABLE_PREVIEWS = YES;
				GENERATE_INFOPLIST_FILE = YES;
				INFOPLIST_KEY_UIApplicationSceneManifest_Generation = YES;
				INFOPLIST_KEY_UIApplicationSupportsIndirectInputEvents = YES;
				INFOPLIST_KEY_UILaunchScreen_Generation = YES;
				INFOPLIST_KEY_UISupportedInterfaceOrientations_iPad = "UIInterfaceOrientationPortrait UIInterfaceOrientationPortraitUpsideDown UIInterfaceOrientationLandscapeLeft UIInterfaceOrientationLandscapeRight";
				INFOPLIST_KEY_UISupportedInterfaceOrientations_iPhone = "UIInterfaceOrientationPortrait UIInterfaceOrientationLandscapeLeft UIInterfaceOrientationLandscapeRight";
				LD_RUNPATH_SEARCH_PATHS = (
					"$(inherited)",
					"@executable_path/Frameworks",
				);
				MARKETING_VERSION = 1.0;
				PRODUCT_BUNDLE_IDENTIFIER = com.curiousfind.SwiftDataBetaBug;
				PRODUCT_NAME = "$(TARGET_NAME)";
				SWIFT_EMIT_LOC_STRINGS = YES;
				SWIFT_VERSION = 5.0;
				TARGETED_DEVICE_FAMILY = "1,2";
			};
			name = Release;
		};
/* End XCBuildConfiguration section */

/* Begin XCConfigurationList section */
		CEEF06F22A9BDCA9007749BC /* Build configuration list for PBXProject "SwiftDataBetaBug" */ = {
			isa = XCConfigurationList;
			buildConfigurations = (
				CEEF07052A9BDCAC007749BC /* Debug */,
				CEEF07062A9BDCAC007749BC /* Release */,
			);
			defaultConfigurationIsVisible = 0;
			defaultConfigurationName = Release;
		};
		CEEF07072A9BDCAC007749BC /* Build configuration list for PBXNativeTarget "SwiftDataBetaBug" */ = {
			isa = XCConfigurationList;
			buildConfigurations = (
				CEEF07082A9BDCAC007749BC /* Debug */,
				CEEF07092A9BDCAC007749BC /* Release */,
			);
			defaultConfigurationIsVisible = 0;
			defaultConfigurationName = Release;
		};
/* End XCConfigurationList section */
	};
	rootObject = CEEF06EF2A9BDCA9007749BC /* Project object */;
}
